
Microsoft Visual Studio Solution File, Format Version 12.00
# Visual Studio Version 17
VisualStudioVersion = 17.0.31903.59
MinimumVisualStudioVersion = 10.0.40219.1
Project("{2150E333-8FDC-42A3-9474-1A3956D46DE8}") = "Solution Items", "Solution Items", "{6BBDB0AD-378B-49C5-8F86-6977C8A41099}"
	ProjectSection(SolutionItems) = preProject
		.editorconfig = .editorconfig
		.gitignore = .gitignore
		Directory.Build.props = Directory.Build.props
		LICENSE = LICENSE
		README.md = README.md
		HOW-IT-WORKS.md = HOW-IT-WORKS.md
		env-vars = env-vars
		TWO-SQLSERVER-INSTANCES.md = TWO-SQLSERVER-INSTANCES.md
	EndProjectSection
EndProject
Project("{FAE04EC0-301F-11D3-BF4B-00C04F79EFBC}") = "NsbBridgePlayground.Sender", "NsbBridgePlayground.Sender\NsbBridgePlayground.Sender.csproj", "{94233011-B3E0-4DBB-91AF-FC099F47026C}"
EndProject
Project("{FAE04EC0-301F-11D3-BF4B-00C04F79EFBC}") = "NsbBridgePlayground.OrderProcessor", "NsbBridgePlayground.OrderProcessor\NsbBridgePlayground.OrderProcessor.csproj", "{646F7F16-7AFE-4D04-8CC1-4343FC942989}"
EndProject
Project("{FAE04EC0-301F-11D3-BF4B-00C04F79EFBC}") = "NsbBridgePlayground.Notifier", "NsbBridgePlayground.Notifier\NsbBridgePlayground.Notifier.csproj", "{CCD4FB1C-650B-44F5-8079-B11C50723796}"
EndProject
Project("{FAE04EC0-301F-11D3-BF4B-00C04F79EFBC}") = "NsbBridgePlayground.Bridge", "NsbBridgePlayground.Bridge\NsbBridgePlayground.Bridge.csproj", "{B81EC69D-9154-41B6-8A8C-F4EEEC225B52}"
EndProject
Project("{FAE04EC0-301F-11D3-BF4B-00C04F79EFBC}") = "NsbBridgePlayground.Bootstrap", "NsbBridgePlayground.Bootstrap\NsbBridgePlayground.Bootstrap.csproj", "{1C73EA2A-259C-413D-968F-829B1DC2FE07}"
EndProject
Project("{FAE04EC0-301F-11D3-BF4B-00C04F79EFBC}") = "NsbBridgePlayground.Common", "NsbBridgePlayground.Common\NsbBridgePlayground.Common.csproj", "{F44ABD52-1A40-451C-8F98-34B7995064D2}"
EndProject
Project("{FAE04EC0-301F-11D3-BF4B-00C04F79EFBC}") = "NsbBridgePlayground.Shipping", "NsbBridgePlayground.Shipping\NsbBridgePlayground.Shipping.csproj", "{FFD337D5-FA98-40A0-8684-5FF66B261DC1}"
EndProject
Project("{2150E333-8FDC-42A3-9474-1A3956D46DE8}") = "Endpoints", "Endpoints", "{33563CBE-E6C2-478A-8FFF-691BC5B74FA0}"
EndProject
Project("{2150E333-8FDC-42A3-9474-1A3956D46DE8}") = "Bridge", "Bridge", "{D7885579-EB30-4844-B814-37A4E34EA44D}"
EndProject
Project("{2150E333-8FDC-42A3-9474-1A3956D46DE8}") = "scripts", "scripts", "{9ED8736B-6E4F-4D02-BF27-B5B30BC9F1EA}"
	ProjectSection(SolutionItems) = preProject
		build-images.ps1 = build-images.ps1
		build-images.sh = build-images.sh
	EndProjectSection
EndProject
Project("{2150E333-8FDC-42A3-9474-1A3956D46DE8}") = "Databases", "Databases", "{73C07FB6-E797-4147-9876-5B859C69471A}"
	ProjectSection(SolutionItems) = preProject
		databases\01_create_login.sql = databases\01_create_login.sql
		databases\02_notifier.sql = databases\02_notifier.sql
		databases\03_orderprocessor.sql = databases\03_orderprocessor.sql
		databases\04_sender.sql = databases\04_sender.sql
		databases\05_shipping.sql = databases\05_shipping.sql
		databases\get-content-from-queues.sql = databases\get-content-from-queues.sql
		databases\reset-all-tables.sql = databases\reset-all-tables.sql
	EndProjectSection
EndProject
Global
	GlobalSection(SolutionConfigurationPlatforms) = preSolution
		Debug|Any CPU = Debug|Any CPU
		Release|Any CPU = Release|Any CPU
	EndGlobalSection
	GlobalSection(SolutionProperties) = preSolution
		HideSolutionNode = FALSE
	EndGlobalSection
	GlobalSection(ProjectConfigurationPlatforms) = postSolution
		{94233011-B3E0-4DBB-91AF-FC099F47026C}.Debug|Any CPU.ActiveCfg = Debug|Any CPU
		{94233011-B3E0-4DBB-91AF-FC099F47026C}.Debug|Any CPU.Build.0 = Debug|Any CPU
		{94233011-B3E0-4DBB-91AF-FC099F47026C}.Release|Any CPU.ActiveCfg = Release|Any CPU
		{94233011-B3E0-4DBB-91AF-FC099F47026C}.Release|Any CPU.Build.0 = Release|Any CPU
		{646F7F16-7AFE-4D04-8CC1-4343FC942989}.Debug|Any CPU.ActiveCfg = Debug|Any CPU
		{646F7F16-7AFE-4D04-8CC1-4343FC942989}.Debug|Any CPU.Build.0 = Debug|Any CPU
		{646F7F16-7AFE-4D04-8CC1-4343FC942989}.Release|Any CPU.ActiveCfg = Release|Any CPU
		{646F7F16-7AFE-4D04-8CC1-4343FC942989}.Release|Any CPU.Build.0 = Release|Any CPU
		{CCD4FB1C-650B-44F5-8079-B11C50723796}.Debug|Any CPU.ActiveCfg = Debug|Any CPU
		{CCD4FB1C-650B-44F5-8079-B11C50723796}.Debug|Any CPU.Build.0 = Debug|Any CPU
		{CCD4FB1C-650B-44F5-8079-B11C50723796}.Release|Any CPU.ActiveCfg = Release|Any CPU
		{CCD4FB1C-650B-44F5-8079-B11C50723796}.Release|Any CPU.Build.0 = Release|Any CPU
		{B81EC69D-9154-41B6-8A8C-F4EEEC225B52}.Debug|Any CPU.ActiveCfg = Debug|Any CPU
		{B81EC69D-9154-41B6-8A8C-F4EEEC225B52}.Debug|Any CPU.Build.0 = Debug|Any CPU
		{B81EC69D-9154-41B6-8A8C-F4EEEC225B52}.Release|Any CPU.ActiveCfg = Release|Any CPU
		{B81EC69D-9154-41B6-8A8C-F4EEEC225B52}.Release|Any CPU.Build.0 = Release|Any CPU
		{1C73EA2A-259C-413D-968F-829B1DC2FE07}.Debug|Any CPU.ActiveCfg = Debug|Any CPU
		{1C73EA2A-259C-413D-968F-829B1DC2FE07}.Debug|Any CPU.Build.0 = Debug|Any CPU
		{1C73EA2A-259C-413D-968F-829B1DC2FE07}.Release|Any CPU.ActiveCfg = Release|Any CPU
		{1C73EA2A-259C-413D-968F-829B1DC2FE07}.Release|Any CPU.Build.0 = Release|Any CPU
		{F44ABD52-1A40-451C-8F98-34B7995064D2}.Debug|Any CPU.ActiveCfg = Debug|Any CPU
		{F44ABD52-1A40-451C-8F98-34B7995064D2}.Debug|Any CPU.Build.0 = Debug|Any CPU
		{F44ABD52-1A40-451C-8F98-34B7995064D2}.Release|Any CPU.ActiveCfg = Release|Any CPU
		{F44ABD52-1A40-451C-8F98-34B7995064D2}.Release|Any CPU.Build.0 = Release|Any CPU
		{FFD337D5-FA98-40A0-8684-5FF66B261DC1}.Debug|Any CPU.ActiveCfg = Debug|Any CPU
		{FFD337D5-FA98-40A0-8684-5FF66B261DC1}.Debug|Any CPU.Build.0 = Debug|Any CPU
		{FFD337D5-FA98-40A0-8684-5FF66B261DC1}.Release|Any CPU.ActiveCfg = Release|Any CPU
		{FFD337D5-FA98-40A0-8684-5FF66B261DC1}.Release|Any CPU.Build.0 = Release|Any CPU
	EndGlobalSection
	GlobalSection(NestedProjects) = preSolution
		{CCD4FB1C-650B-44F5-8079-B11C50723796} = {33563CBE-E6C2-478A-8FFF-691BC5B74FA0}
		{646F7F16-7AFE-4D04-8CC1-4343FC942989} = {33563CBE-E6C2-478A-8FFF-691BC5B74FA0}
		{94233011-B3E0-4DBB-91AF-FC099F47026C} = {33563CBE-E6C2-478A-8FFF-691BC5B74FA0}
		{FFD337D5-FA98-40A0-8684-5FF66B261DC1} = {33563CBE-E6C2-478A-8FFF-691BC5B74FA0}
		{B81EC69D-9154-41B6-8A8C-F4EEEC225B52} = {D7885579-EB30-4844-B814-37A4E34EA44D}
		{9ED8736B-6E4F-4D02-BF27-B5B30BC9F1EA} = {6BBDB0AD-378B-49C5-8F86-6977C8A41099}
		{73C07FB6-E797-4147-9876-5B859C69471A} = {6BBDB0AD-378B-49C5-8F86-6977C8A41099}
	EndGlobalSection
EndGlobal
